
Microsoft Visual Studio Solution File, Format Version 12.00
# Visual Studio 14
VisualStudioVersion = 14.0.24720.0
MinimumVisualStudioVersion = 10.0.40219.1
Project("{FAE04EC0-301F-11D3-BF4B-00C04F79EFBC}") = "CrossfitDiary.Web", "CrossfitDiary.Web\CrossfitDiary.Web.csproj", "{D503B9E6-9A00-461F-B477-496A1101081D}"
EndProject
Project("{FAE04EC0-301F-11D3-BF4B-00C04F79EFBC}") = "CrossfitDiary.Model", "CrossfitDiary.Model\CrossfitDiary.Model.csproj", "{4D5F868B-082F-462A-AA67-25B1E325CC52}"
EndProject
Project("{FAE04EC0-301F-11D3-BF4B-00C04F79EFBC}") = "CrossfitDiary.DAL.EF", "CrossfitDiary.DAL.EF\CrossfitDiary.DAL.EF.csproj", "{2CDB88DA-F521-49CE-A344-3C4DFD1232B1}"
EndProject
Project("{FAE04EC0-301F-11D3-BF4B-00C04F79EFBC}") = "CrossfitDiary.Service", "CrossfitDiary.Service\CrossfitDiary.Service.csproj", "{F812071F-004F-4E15-8EFE-AD58A35CE336}"
EndProject
Global
	GlobalSection(SolutionConfigurationPlatforms) = preSolution
		Debug|Any CPU = Debug|Any CPU
		Release|Any CPU = Release|Any CPU
	EndGlobalSection
	GlobalSection(ProjectConfigurationPlatforms) = postSolution
		{D503B9E6-9A00-461F-B477-496A1101081D}.Debug|Any CPU.ActiveCfg = Debug|Any CPU
		{D503B9E6-9A00-461F-B477-496A1101081D}.Debug|Any CPU.Build.0 = Debug|Any CPU
		{D503B9E6-9A00-461F-B477-496A1101081D}.Release|Any CPU.ActiveCfg = Release|Any CPU
		{D503B9E6-9A00-461F-B477-496A1101081D}.Release|Any CPU.Build.0 = Release|Any CPU
		{4D5F868B-082F-462A-AA67-25B1E325CC52}.Debug|Any CPU.ActiveCfg = Debug|Any CPU
		{4D5F868B-082F-462A-AA67-25B1E325CC52}.Debug|Any CPU.Build.0 = Debug|Any CPU
		{4D5F868B-082F-462A-AA67-25B1E325CC52}.Release|Any CPU.ActiveCfg = Release|Any CPU
		{4D5F868B-082F-462A-AA67-25B1E325CC52}.Release|Any CPU.Build.0 = Release|Any CPU
		{2CDB88DA-F521-49CE-A344-3C4DFD1232B1}.Debug|Any CPU.ActiveCfg = Debug|Any CPU
		{2CDB88DA-F521-49CE-A344-3C4DFD1232B1}.Debug|Any CPU.Build.0 = Debug|Any CPU
		{2CDB88DA-F521-49CE-A344-3C4DFD1232B1}.Release|Any CPU.ActiveCfg = Release|Any CPU
		{2CDB88DA-F521-49CE-A344-3C4DFD1232B1}.Release|Any CPU.Build.0 = Release|Any CPU
		{F812071F-004F-4E15-8EFE-AD58A35CE336}.Debug|Any CPU.ActiveCfg = Debug|Any CPU
		{F812071F-004F-4E15-8EFE-AD58A35CE336}.Debug|Any CPU.Build.0 = Debug|Any CPU
		{F812071F-004F-4E15-8EFE-AD58A35CE336}.Release|Any CPU.ActiveCfg = Release|Any CPU
		{F812071F-004F-4E15-8EFE-AD58A35CE336}.Release|Any CPU.Build.0 = Release|Any CPU
	EndGlobalSection
	GlobalSection(SolutionProperties) = preSolution
		HideSolutionNode = FALSE
	EndGlobalSection
	GlobalSection(TeamFoundationVersionControl) = preSolution
		SccNumberOfProjects = 5
		SccEnterpriseProvider = {4CA58AB2-18FA-4F8D-95D4-32DDF27D184C}
		SccTeamFoundationServer = https://galbert.visualstudio.com/defaultcollection
		SccLocalPath0 = .
		SccProjectUniqueName1 = CrossfitDiary.Web\\CrossfitDiary.Web.csproj
		SccProjectName1 = CrossfitDiary.Web
		SccLocalPath1 = CrossfitDiary.Web
		SccProjectUniqueName2 = CrossfitDiary.Model\\CrossfitDiary.Model.csproj
		SccProjectName2 = CrossfitDiary.Model
		SccLocalPath2 = CrossfitDiary.Model
		SccProjectUniqueName3 = CrossfitDiary.DAL.EF\\CrossfitDiary.DAL.EF.csproj
		SccProjectName3 = CrossfitDiary.DAL.EF
		SccLocalPath3 = CrossfitDiary.DAL.EF
		SccProjectUniqueName4 = CrossfitDiary.Service\\CrossfitDiary.Service.csproj
		SccProjectName4 = CrossfitDiary.Service
		SccLocalPath4 = CrossfitDiary.Service
	EndGlobalSection
EndGlobal
