
Microsoft Visual Studio Solution File, Format Version 12.00
# Visual Studio 15
VisualStudioVersion = 15.0.27428.2011
MinimumVisualStudioVersion = 10.0.40219.1
Project("{9A19103F-16F7-4668-BE54-9A1E7A4F7556}") = "CrossfitDiaryCore.BL.Services", "CoreApp\CrossfitDiaryCore.BL.Services\CrossfitDiaryCore.BL.Services.csproj", "{695FFBCD-2F39-4AF2-993C-44C0514B7E02}"
EndProject
Project("{9A19103F-16F7-4668-BE54-9A1E7A4F7556}") = "CrossfitDiaryCore.BL.Services.Tests", "CoreApp\CrossfitDiaryCore.BL.Services.Tests\CrossfitDiaryCore.BL.Services.Tests.csproj", "{C06A4D4E-C255-48E6-9C19-DE5E4CD8DF0F}"
EndProject
Project("{9A19103F-16F7-4668-BE54-9A1E7A4F7556}") = "CrossfitDiaryCore.DAL.EF", "CoreApp\CrossfitDiaryCore.DAL.EF\CrossfitDiaryCore.DAL.EF.csproj", "{AE29E214-3092-4019-9A59-B296CC84CFE4}"
EndProject
Project("{9A19103F-16F7-4668-BE54-9A1E7A4F7556}") = "CrossfitDiaryCore.Model", "CoreApp\CrossfitDiaryCore.Model\CrossfitDiaryCore.Model.csproj", "{20CBAFF6-386A-452A-85A4-67F58C6B9F58}"
EndProject
Project("{9A19103F-16F7-4668-BE54-9A1E7A4F7556}") = "CrossfitDiaryCore.Web", "CoreApp\CrossfitDiaryCore.Web\CrossfitDiaryCore.Web.csproj", "{5C7FCA6F-1438-4D1B-A7D2-E07220CCA741}"
EndProject
Global
	GlobalSection(SolutionConfigurationPlatforms) = preSolution
		Debug|Any CPU = Debug|Any CPU
		Release|Any CPU = Release|Any CPU
	EndGlobalSection
	GlobalSection(ProjectConfigurationPlatforms) = postSolution
		{695FFBCD-2F39-4AF2-993C-44C0514B7E02}.Debug|Any CPU.ActiveCfg = Debug|Any CPU
		{695FFBCD-2F39-4AF2-993C-44C0514B7E02}.Debug|Any CPU.Build.0 = Debug|Any CPU
		{695FFBCD-2F39-4AF2-993C-44C0514B7E02}.Release|Any CPU.ActiveCfg = Release|Any CPU
		{695FFBCD-2F39-4AF2-993C-44C0514B7E02}.Release|Any CPU.Build.0 = Release|Any CPU
		{C06A4D4E-C255-48E6-9C19-DE5E4CD8DF0F}.Debug|Any CPU.ActiveCfg = Debug|Any CPU
		{C06A4D4E-C255-48E6-9C19-DE5E4CD8DF0F}.Debug|Any CPU.Build.0 = Debug|Any CPU
		{C06A4D4E-C255-48E6-9C19-DE5E4CD8DF0F}.Release|Any CPU.ActiveCfg = Release|Any CPU
		{C06A4D4E-C255-48E6-9C19-DE5E4CD8DF0F}.Release|Any CPU.Build.0 = Release|Any CPU
		{AE29E214-3092-4019-9A59-B296CC84CFE4}.Debug|Any CPU.ActiveCfg = Debug|Any CPU
		{AE29E214-3092-4019-9A59-B296CC84CFE4}.Debug|Any CPU.Build.0 = Debug|Any CPU
		{AE29E214-3092-4019-9A59-B296CC84CFE4}.Release|Any CPU.ActiveCfg = Release|Any CPU
		{AE29E214-3092-4019-9A59-B296CC84CFE4}.Release|Any CPU.Build.0 = Release|Any CPU
		{20CBAFF6-386A-452A-85A4-67F58C6B9F58}.Debug|Any CPU.ActiveCfg = Debug|Any CPU
		{20CBAFF6-386A-452A-85A4-67F58C6B9F58}.Debug|Any CPU.Build.0 = Debug|Any CPU
		{20CBAFF6-386A-452A-85A4-67F58C6B9F58}.Release|Any CPU.ActiveCfg = Release|Any CPU
		{20CBAFF6-386A-452A-85A4-67F58C6B9F58}.Release|Any CPU.Build.0 = Release|Any CPU
		{5C7FCA6F-1438-4D1B-A7D2-E07220CCA741}.Debug|Any CPU.ActiveCfg = Debug|Any CPU
		{5C7FCA6F-1438-4D1B-A7D2-E07220CCA741}.Debug|Any CPU.Build.0 = Debug|Any CPU
		{5C7FCA6F-1438-4D1B-A7D2-E07220CCA741}.Release|Any CPU.ActiveCfg = Release|Any CPU
		{5C7FCA6F-1438-4D1B-A7D2-E07220CCA741}.Release|Any CPU.Build.0 = Release|Any CPU
	EndGlobalSection
	GlobalSection(SolutionProperties) = preSolution
		HideSolutionNode = FALSE
	EndGlobalSection
	GlobalSection(ExtensibilityGlobals) = postSolution
		SolutionGuid = {B3511C5A-D96F-473B-81F1-347B616904D0}
	EndGlobalSection
EndGlobal
